
Microsoft Visual Studio Solution File, Format Version 12.00
Project("{2150E333-8FDC-42A3-9474-1A3956D46DE8}") = "src", "src", "{5B3D1DCA-F7FD-41DA-9241-6C3D242456EF}"
EndProject
Project("{2150E333-8FDC-42A3-9474-1A3956D46DE8}") = "test", "test", "{9791547C-0702-4E35-84C8-B986113736A3}"
EndProject
Project("{2150E333-8FDC-42A3-9474-1A3956D46DE8}") = "docs", "docs", "{684D75C5-B7CC-40F7-9ADA-68D8D1996782}"
	ProjectSection(SolutionItems) = preProject
		docs\README.md = docs\README.md
	EndProjectSection
EndProject
Project("{FAE04EC0-301F-11D3-BF4B-00C04F79EFBC}") = "YC.Monad", "src\YC.Monad\YC.Monad.csproj", "{C7E351B9-A573-4827-9BFB-C61B68291ABE}"
EndProject
Project("{2150E333-8FDC-42A3-9474-1A3956D46DE8}") = "YC.Monad", "YC.Monad", "{E00A6EB5-36FD-4AB5-9C07-F92CADEA1959}"
EndProject
Project("{FAE04EC0-301F-11D3-BF4B-00C04F79EFBC}") = "YC.Monad.UnitTests", "test\YC.Monad\YC.Monad.UnitTests\YC.Monad.UnitTests.csproj", "{6D9BB428-54BF-4D60-97A5-582312977BC0}"
EndProject
Project("{FAE04EC0-301F-11D3-BF4B-00C04F79EFBC}") = "YC.Monad.EntityFrameworkCore", "src\YC.Monad.EntityFrameworkCore\YC.Monad.EntityFrameworkCore.csproj", "{4B13D1E7-FDAD-409D-B86E-7A3BB6FFCB13}"
EndProject
Project("{2150E333-8FDC-42A3-9474-1A3956D46DE8}") = "YC.Monad.EntityFrameworkCore", "YC.Monad.EntityFrameworkCore", "{772E7EBC-2A3F-4DD9-B182-8BFF48C99423}"
EndProject
Project("{FAE04EC0-301F-11D3-BF4B-00C04F79EFBC}") = "YC.Monad.EntityFrameworkCore.UnitTests", "test\YC.Monad.EntityFrameworkCore.UnitTests\YC.Monad.EntityFrameworkCore.UnitTests.csproj", "{79D5C190-84FB-4B5F-9DEE-5CBC9C2D01BB}"
EndProject
Global
	GlobalSection(SolutionConfigurationPlatforms) = preSolution
		Debug|Any CPU = Debug|Any CPU
		Release|Any CPU = Release|Any CPU
	EndGlobalSection
	GlobalSection(NestedProjects) = preSolution
		{C7E351B9-A573-4827-9BFB-C61B68291ABE} = {5B3D1DCA-F7FD-41DA-9241-6C3D242456EF}
		{E00A6EB5-36FD-4AB5-9C07-F92CADEA1959} = {9791547C-0702-4E35-84C8-B986113736A3}
		{6D9BB428-54BF-4D60-97A5-582312977BC0} = {E00A6EB5-36FD-4AB5-9C07-F92CADEA1959}
		{4B13D1E7-FDAD-409D-B86E-7A3BB6FFCB13} = {5B3D1DCA-F7FD-41DA-9241-6C3D242456EF}
		{772E7EBC-2A3F-4DD9-B182-8BFF48C99423} = {9791547C-0702-4E35-84C8-B986113736A3}
		{79D5C190-84FB-4B5F-9DEE-5CBC9C2D01BB} = {772E7EBC-2A3F-4DD9-B182-8BFF48C99423}
	EndGlobalSection
	GlobalSection(ProjectConfigurationPlatforms) = postSolution
		{C7E351B9-A573-4827-9BFB-C61B68291ABE}.Debug|Any CPU.ActiveCfg = Debug|Any CPU
		{C7E351B9-A573-4827-9BFB-C61B68291ABE}.Debug|Any CPU.Build.0 = Debug|Any CPU
		{C7E351B9-A573-4827-9BFB-C61B68291ABE}.Release|Any CPU.ActiveCfg = Release|Any CPU
		{C7E351B9-A573-4827-9BFB-C61B68291ABE}.Release|Any CPU.Build.0 = Release|Any CPU
		{6D9BB428-54BF-4D60-97A5-582312977BC0}.Debug|Any CPU.ActiveCfg = Debug|Any CPU
		{6D9BB428-54BF-4D60-97A5-582312977BC0}.Debug|Any CPU.Build.0 = Debug|Any CPU
		{6D9BB428-54BF-4D60-97A5-582312977BC0}.Release|Any CPU.ActiveCfg = Release|Any CPU
		{6D9BB428-54BF-4D60-97A5-582312977BC0}.Release|Any CPU.Build.0 = Release|Any CPU
		{4B13D1E7-FDAD-409D-B86E-7A3BB6FFCB13}.Debug|Any CPU.ActiveCfg = Debug|Any CPU
		{4B13D1E7-FDAD-409D-B86E-7A3BB6FFCB13}.Debug|Any CPU.Build.0 = Debug|Any CPU
		{4B13D1E7-FDAD-409D-B86E-7A3BB6FFCB13}.Release|Any CPU.ActiveCfg = Release|Any CPU
		{4B13D1E7-FDAD-409D-B86E-7A3BB6FFCB13}.Release|Any CPU.Build.0 = Release|Any CPU
		{79D5C190-84FB-4B5F-9DEE-5CBC9C2D01BB}.Debug|Any CPU.ActiveCfg = Debug|Any CPU
		{79D5C190-84FB-4B5F-9DEE-5CBC9C2D01BB}.Debug|Any CPU.Build.0 = Debug|Any CPU
		{79D5C190-84FB-4B5F-9DEE-5CBC9C2D01BB}.Release|Any CPU.ActiveCfg = Release|Any CPU
		{79D5C190-84FB-4B5F-9DEE-5CBC9C2D01BB}.Release|Any CPU.Build.0 = Release|Any CPU
	EndGlobalSection
EndGlobal
