
Microsoft Visual Studio Solution File, Format Version 12.00
Project("{2150E333-8FDC-42A3-9474-1A3956D46DE8}") = "src", "src", "{5B3D1DCA-F7FD-41DA-9241-6C3D242456EF}"
EndProject
Project("{2150E333-8FDC-42A3-9474-1A3956D46DE8}") = "test", "test", "{9791547C-0702-4E35-84C8-B986113736A3}"
EndProject
Project("{FAE04EC0-301F-11D3-BF4B-00C04F79EFBC}") = "YC.Result", "src\YC.Result\YC.Result.csproj", "{3E96697E-FB33-42E8-AF37-61B706823A7F}"
EndProject
Project("{2150E333-8FDC-42A3-9474-1A3956D46DE8}") = "YC.Result", "YC.Result", "{181309C4-228A-4577-A272-ED5E50974D54}"
EndProject
Project("{FAE04EC0-301F-11D3-BF4B-00C04F79EFBC}") = "YC.Result.UnitTests", "test\YC.Result\YC.Result.UnitTests\YC.Result.UnitTests.csproj", "{D60673E4-B8DA-42BF-B4A2-A75AF71CBEA9}"
EndProject
Project("{2150E333-8FDC-42A3-9474-1A3956D46DE8}") = "docs", "docs", "{684D75C5-B7CC-40F7-9ADA-68D8D1996782}"
	ProjectSection(SolutionItems) = preProject
		docs\README.md = docs\README.md
	EndProjectSection
EndProject
Global
	GlobalSection(SolutionConfigurationPlatforms) = preSolution
		Debug|Any CPU = Debug|Any CPU
		Release|Any CPU = Release|Any CPU
	EndGlobalSection
	GlobalSection(NestedProjects) = preSolution
		{3E96697E-FB33-42E8-AF37-61B706823A7F} = {5B3D1DCA-F7FD-41DA-9241-6C3D242456EF}
		{181309C4-228A-4577-A272-ED5E50974D54} = {9791547C-0702-4E35-84C8-B986113736A3}
		{D60673E4-B8DA-42BF-B4A2-A75AF71CBEA9} = {181309C4-228A-4577-A272-ED5E50974D54}
	EndGlobalSection
	GlobalSection(ProjectConfigurationPlatforms) = postSolution
		{3E96697E-FB33-42E8-AF37-61B706823A7F}.Debug|Any CPU.ActiveCfg = Debug|Any CPU
		{3E96697E-FB33-42E8-AF37-61B706823A7F}.Debug|Any CPU.Build.0 = Debug|Any CPU
		{3E96697E-FB33-42E8-AF37-61B706823A7F}.Release|Any CPU.ActiveCfg = Release|Any CPU
		{3E96697E-FB33-42E8-AF37-61B706823A7F}.Release|Any CPU.Build.0 = Release|Any CPU
		{D60673E4-B8DA-42BF-B4A2-A75AF71CBEA9}.Debug|Any CPU.ActiveCfg = Debug|Any CPU
		{D60673E4-B8DA-42BF-B4A2-A75AF71CBEA9}.Debug|Any CPU.Build.0 = Debug|Any CPU
		{D60673E4-B8DA-42BF-B4A2-A75AF71CBEA9}.Release|Any CPU.ActiveCfg = Release|Any CPU
		{D60673E4-B8DA-42BF-B4A2-A75AF71CBEA9}.Release|Any CPU.Build.0 = Release|Any CPU
	EndGlobalSection
EndGlobal
